
Microsoft Visual Studio Solution File, Format Version 12.00
# Visual Studio Version 17
VisualStudioVersion = 17.14.36915.13 d17.14
MinimumVisualStudioVersion = 10.0.40219.1
Project("{FAE04EC0-301F-11D3-BF4B-00C04F79EFBC}") = "ChatBot", "ChatBot\ChatBot.csproj", "{15EE80BE-C809-4E87-8F74-336A0500374F}"
EndProject
Global
	GlobalSection(SolutionConfigurationPlatforms) = preSolution
		Debug|Any CPU = Debug|Any CPU
		Release|Any CPU = Release|Any CPU
	EndGlobalSection
	GlobalSection(ProjectConfigurationPlatforms) = postSolution
		{15EE80BE-C809-4E87-8F74-336A0500374F}.Debug|Any CPU.ActiveCfg = Debug|Any CPU
		{15EE80BE-C809-4E87-8F74-336A0500374F}.Debug|Any CPU.Build.0 = Debug|Any CPU
		{15EE80BE-C809-4E87-8F74-336A0500374F}.Release|Any CPU.ActiveCfg = Release|Any CPU
		{15EE80BE-C809-4E87-8F74-336A0500374F}.Release|Any CPU.Build.0 = Release|Any CPU
	EndGlobalSection
	GlobalSection(SolutionProperties) = preSolution
		HideSolutionNode = FALSE
	EndGlobalSection
	GlobalSection(ExtensibilityGlobals) = postSolution
		SolutionGuid = {936373AC-61BC-49C6-AD07-A50043F94AF0}
	EndGlobalSection
EndGlobal
